# yaml-language-server: $schema=https://uniform.app/schemas/json-schema/component-definition/v1.json
$schema: https://uniform.app/schemas/json-schema/component-definition/v1.json
id: contentBlock
name: Content Block
icon: card
parameters:
  - id: heading
    name: Heading
    type: text
    typeConfig: null
  - id: content
    name: Content
    type: richText
    typeConfig:
      elements:
        builtIn:
          - h1
          - h2
          - h3
          - h4
          - h5
          - h6
          - link
          - code
          - table
          - asset
          - variable
          - unorderedList
          - orderedList
      required: false
      formatting:
        builtIn:
          - bold
          - italic
      elementsConfig:
        asset:
          allowedTypes:
            - image
            - video
  - id: link
    name: Link
    type: link
    guidance: Optional link to display below the content
categoryId: cb498c82-0b7e-4c3e-a5f0-7a9b99acbd38
previewImageUrl: >-
  https://img.uniform.global/p/iS8t_qvQQiyyBWu7kBf5EA/Pi4rrvnuSjKgLs0TDDoOeQ-Screenshot-Content-Block.png
useTeamPermissions: true
slots: []
canBeComposition: false
created: '2026-08-27T17:20:54.217585+00:00'
updated: '2026-08-27T18:36:46.218296+00:00'
